
Microsoft Visual Studio Solution File, Format Version 12.00
# Visual Studio 15
VisualStudioVersion = 15.0.28307.1300
MinimumVisualStudioVersion = 10.0.40219.1
Project("{FAE04EC0-301F-11D3-BF4B-00C04F79EFBC}") = "PetMedUI", "PetMedUI\PetMedUI.csproj", "{BCD69A4F-48A5-4015-AED7-1296F5C02309}"
EndProject
Global
	GlobalSection(SolutionConfigurationPlatforms) = preSolution
		Debug|Any CPU = Debug|Any CPU
		Release|Any CPU = Release|Any CPU
	EndGlobalSection
	GlobalSection(ProjectConfigurationPlatforms) = postSolution
		{BCD69A4F-48A5-4015-AED7-1296F5C02309}.Debug|Any CPU.ActiveCfg = Debug|Any CPU
		{BCD69A4F-48A5-4015-AED7-1296F5C02309}.Debug|Any CPU.Build.0 = Debug|Any CPU
		{BCD69A4F-48A5-4015-AED7-1296F5C02309}.Release|Any CPU.ActiveCfg = Release|Any CPU
		{BCD69A4F-48A5-4015-AED7-1296F5C02309}.Release|Any CPU.Build.0 = Release|Any CPU
	EndGlobalSection
	GlobalSection(SolutionProperties) = preSolution
		HideSolutionNode = FALSE
	EndGlobalSection
	GlobalSection(ExtensibilityGlobals) = postSolution
		SolutionGuid = {168ADEEB-8770-4082-9017-52E653BFBD6C}
	EndGlobalSection
EndGlobal
